// !$*UTF8*$!
{
	archiveVersion = 1;
	classes = {
	};
	objectVersion = 56;
	objects = {

/* Begin PBXBuildFile section */
		E9291B292B881E7200302202 /* ChallengeProjectApp.swift in Sources */ = {isa = PBXBuildFile; fileRef = E9291B282B881E7200302202 /* ChallengeProjectApp.swift */; };
		E9291B2D2B881E7300302202 /* Assets.xcassets in Resources */ = {isa = PBXBuildFile; fileRef = E9291B2C2B881E7300302202 /* Assets.xcassets */; };
		E9291B302B881E7300302202 /* Preview Assets.xcassets in Resources */ = {isa = PBXBuildFile; fileRef = E9291B2F2B881E7300302202 /* Preview Assets.xcassets */; };
		E9291B3A2B881E7300302202 /* NetworkTests.swift in Sources */ = {isa = PBXBuildFile; fileRef = E9291B392B881E7300302202 /* NetworkTests.swift */; };
		E9291B442B881E7300302202 /* ChallengeProjectUITests.swift in Sources */ = {isa = PBXBuildFile; fileRef = E9291B432B881E7300302202 /* ChallengeProjectUITests.swift */; };
		E9291B462B881E7300302202 /* ChallengeProjectUITestsLaunchTests.swift in Sources */ = {isa = PBXBuildFile; fileRef = E9291B452B881E7300302202 /* ChallengeProjectUITestsLaunchTests.swift */; };
		E9291B592B881E9D00302202 /* CSearchBar+ViewBuilder.swift in Sources */ = {isa = PBXBuildFile; fileRef = E9291B542B881E9D00302202 /* CSearchBar+ViewBuilder.swift */; };
		E9291B5A2B881E9D00302202 /* CSearchBar.swift in Sources */ = {isa = PBXBuildFile; fileRef = E9291B552B881E9D00302202 /* CSearchBar.swift */; };
		E9291B5C2B881E9D00302202 /* CCellView.swift in Sources */ = {isa = PBXBuildFile; fileRef = E9291B582B881E9D00302202 /* CCellView.swift */; };
		E9291B5F2B881EAB00302202 /* UISearchBarExtensions.swift in Sources */ = {isa = PBXBuildFile; fileRef = E9291B5E2B881EAB00302202 /* UISearchBarExtensions.swift */; };
		E9291B662B881EBD00302202 /* SalesPersonSearchView.swift in Sources */ = {isa = PBXBuildFile; fileRef = E9291B632B881EBD00302202 /* SalesPersonSearchView.swift */; };
		E9291B672B881EBD00302202 /* SalesPersonSearchView+ViewModel.swift in Sources */ = {isa = PBXBuildFile; fileRef = E9291B642B881EBD00302202 /* SalesPersonSearchView+ViewModel.swift */; };
		E9291B6A2B881EC300302202 /* SalesPerson.swift in Sources */ = {isa = PBXBuildFile; fileRef = E9291B692B881EC300302202 /* SalesPerson.swift */; };
		E9291B6C2B881ECA00302202 /* CStrings.swift in Sources */ = {isa = PBXBuildFile; fileRef = E9291B6B2B881ECA00302202 /* CStrings.swift */; };
		E9291B6E2B881ECF00302202 /* CColors.swift in Sources */ = {isa = PBXBuildFile; fileRef = E9291B6D2B881ECF00302202 /* CColors.swift */; };
		E9291B702B88365E00302202 /* CSearch+ViewModel.swift in Sources */ = {isa = PBXBuildFile; fileRef = E9291B6F2B88365E00302202 /* CSearch+ViewModel.swift */; };
		E9291B722B883EEF00302202 /* CCell+ViewModel.swift in Sources */ = {isa = PBXBuildFile; fileRef = E9291B712B883EEF00302202 /* CCell+ViewModel.swift */; };
		E9291B742B8840F900302202 /* CCell+ViewBuilder.swift in Sources */ = {isa = PBXBuildFile; fileRef = E9291B732B8840F900302202 /* CCell+ViewBuilder.swift */; };
		E9291B772B887D7A00302202 /* NetworkServiceProtocol.swift in Sources */ = {isa = PBXBuildFile; fileRef = E9291B762B887D7A00302202 /* NetworkServiceProtocol.swift */; };
		E9291B792B887D9A00302202 /* NetworkService.swift in Sources */ = {isa = PBXBuildFile; fileRef = E9291B782B887D9A00302202 /* NetworkService.swift */; };
		E9291B7B2B887F0A00302202 /* CURLStrings.swift in Sources */ = {isa = PBXBuildFile; fileRef = E9291B7A2B887F0A00302202 /* CURLStrings.swift */; };
		E9BBD01B2B8891DC00C3103D /* CCellModelTests.swift in Sources */ = {isa = PBXBuildFile; fileRef = E9BBD01A2B8891DC00C3103D /* CCellModelTests.swift */; };
		E9BBD01D2B8892F700C3103D /* CSearchBarModelTests.swift in Sources */ = {isa = PBXBuildFile; fileRef = E9BBD01C2B8892F700C3103D /* CSearchBarModelTests.swift */; };
		E9BBD01F2B8894EC00C3103D /* SalesPersonSearchModelTests.swift in Sources */ = {isa = PBXBuildFile; fileRef = E9BBD01E2B8894EC00C3103D /* SalesPersonSearchModelTests.swift */; };
		E9BBD0212B889DFB00C3103D /* SalesPersonModelTests.swift in Sources */ = {isa = PBXBuildFile; fileRef = E9BBD0202B889DFB00C3103D /* SalesPersonModelTests.swift */; };
/* End PBXBuildFile section */

/* Begin PBXContainerItemProxy section */
		E9291B362B881E7300302202 /* PBXContainerItemProxy */ = {
			isa = PBXContainerItemProxy;
			containerPortal = E9291B1D2B881E7100302202 /* Project object */;
			proxyType = 1;
			remoteGlobalIDString = E9291B242B881E7200302202;
			remoteInfo = ChallengeProject;
		};
		E9291B402B881E7300302202 /* PBXContainerItemProxy */ = {
			isa = PBXContainerItemProxy;
			containerPortal = E9291B1D2B881E7100302202 /* Project object */;
			proxyType = 1;
			remoteGlobalIDString = E9291B242B881E7200302202;
			remoteInfo = ChallengeProject;
		};
/* End PBXContainerItemProxy section */

/* Begin PBXFileReference section */
		E9291B252B881E7200302202 /* ChallengeProject.app */ = {isa = PBXFileReference; explicitFileType = wrapper.application; includeInIndex = 0; path = ChallengeProject.app; sourceTree = BUILT_PRODUCTS_DIR; };
		E9291B282B881E7200302202 /* ChallengeProjectApp.swift */ = {isa = PBXFileReference; lastKnownFileType = sourcecode.swift; path = ChallengeProjectApp.swift; sourceTree = "<group>"; };
		E9291B2C2B881E7300302202 /* Assets.xcassets */ = {isa = PBXFileReference; lastKnownFileType = folder.assetcatalog; path = Assets.xcassets; sourceTree = "<group>"; };
		E9291B2F2B881E7300302202 /* Preview Assets.xcassets */ = {isa = PBXFileReference; lastKnownFileType = folder.assetcatalog; path = "Preview Assets.xcassets"; sourceTree = "<group>"; };
		E9291B352B881E7300302202 /* ChallengeProjectTests.xctest */ = {isa = PBXFileReference; explicitFileType = wrapper.cfbundle; includeInIndex = 0; path = ChallengeProjectTests.xctest; sourceTree = BUILT_PRODUCTS_DIR; };
		E9291B392B881E7300302202 /* NetworkTests.swift */ = {isa = PBXFileReference; lastKnownFileType = sourcecode.swift; path = NetworkTests.swift; sourceTree = "<group>"; };
		E9291B3F2B881E7300302202 /* ChallengeProjectUITests.xctest */ = {isa = PBXFileReference; explicitFileType = wrapper.cfbundle; includeInIndex = 0; path = ChallengeProjectUITests.xctest; sourceTree = BUILT_PRODUCTS_DIR; };
		E9291B432B881E7300302202 /* ChallengeProjectUITests.swift */ = {isa = PBXFileReference; lastKnownFileType = sourcecode.swift; path = ChallengeProjectUITests.swift; sourceTree = "<group>"; };
		E9291B452B881E7300302202 /* ChallengeProjectUITestsLaunchTests.swift */ = {isa = PBXFileReference; lastKnownFileType = sourcecode.swift; path = ChallengeProjectUITestsLaunchTests.swift; sourceTree = "<group>"; };
		E9291B542B881E9D00302202 /* CSearchBar+ViewBuilder.swift */ = {isa = PBXFileReference; fileEncoding = 4; lastKnownFileType = sourcecode.swift; path = "CSearchBar+ViewBuilder.swift"; sourceTree = "<group>"; };
		E9291B552B881E9D00302202 /* CSearchBar.swift */ = {isa = PBXFileReference; fileEncoding = 4; lastKnownFileType = sourcecode.swift; path = CSearchBar.swift; sourceTree = "<group>"; };
		E9291B582B881E9D00302202 /* CCellView.swift */ = {isa = PBXFileReference; fileEncoding = 4; lastKnownFileType = sourcecode.swift; path = CCellView.swift; sourceTree = "<group>"; };
		E9291B5E2B881EAB00302202 /* UISearchBarExtensions.swift */ = {isa = PBXFileReference; fileEncoding = 4; lastKnownFileType = sourcecode.swift; path = UISearchBarExtensions.swift; sourceTree = "<group>"; };
		E9291B632B881EBD00302202 /* SalesPersonSearchView.swift */ = {isa = PBXFileReference; fileEncoding = 4; lastKnownFileType = sourcecode.swift; path = SalesPersonSearchView.swift; sourceTree = "<group>"; };
		E9291B642B881EBD00302202 /* SalesPersonSearchView+ViewModel.swift */ = {isa = PBXFileReference; fileEncoding = 4; lastKnownFileType = sourcecode.swift; path = "SalesPersonSearchView+ViewModel.swift"; sourceTree = "<group>"; };
		E9291B692B881EC300302202 /* SalesPerson.swift */ = {isa = PBXFileReference; fileEncoding = 4; lastKnownFileType = sourcecode.swift; path = SalesPerson.swift; sourceTree = "<group>"; };
		E9291B6B2B881ECA00302202 /* CStrings.swift */ = {isa = PBXFileReference; fileEncoding = 4; lastKnownFileType = sourcecode.swift; path = CStrings.swift; sourceTree = "<group>"; };
		E9291B6D2B881ECF00302202 /* CColors.swift */ = {isa = PBXFileReference; fileEncoding = 4; lastKnownFileType = sourcecode.swift; path = CColors.swift; sourceTree = "<group>"; };
		E9291B6F2B88365E00302202 /* CSearch+ViewModel.swift */ = {isa = PBXFileReference; lastKnownFileType = sourcecode.swift; path = "CSearch+ViewModel.swift"; sourceTree = "<group>"; };
		E9291B712B883EEF00302202 /* CCell+ViewModel.swift */ = {isa = PBXFileReference; lastKnownFileType = sourcecode.swift; path = "CCell+ViewModel.swift"; sourceTree = "<group>"; };
		E9291B732B8840F900302202 /* CCell+ViewBuilder.swift */ = {isa = PBXFileReference; lastKnownFileType = sourcecode.swift; path = "CCell+ViewBuilder.swift"; sourceTree = "<group>"; };
		E9291B762B887D7A00302202 /* NetworkServiceProtocol.swift */ = {isa = PBXFileReference; lastKnownFileType = sourcecode.swift; path = NetworkServiceProtocol.swift; sourceTree = "<group>"; };
		E9291B782B887D9A00302202 /* NetworkService.swift */ = {isa = PBXFileReference; lastKnownFileType = sourcecode.swift; path = NetworkService.swift; sourceTree = "<group>"; };
		E9291B7A2B887F0A00302202 /* CURLStrings.swift */ = {isa = PBXFileReference; lastKnownFileType = sourcecode.swift; path = CURLStrings.swift; sourceTree = "<group>"; };
		E9BBD01A2B8891DC00C3103D /* CCellModelTests.swift */ = {isa = PBXFileReference; lastKnownFileType = sourcecode.swift; path = CCellModelTests.swift; sourceTree = "<group>"; };
		E9BBD01C2B8892F700C3103D /* CSearchBarModelTests.swift */ = {isa = PBXFileReference; lastKnownFileType = sourcecode.swift; path = CSearchBarModelTests.swift; sourceTree = "<group>"; };
		E9BBD01E2B8894EC00C3103D /* SalesPersonSearchModelTests.swift */ = {isa = PBXFileReference; lastKnownFileType = sourcecode.swift; path = SalesPersonSearchModelTests.swift; sourceTree = "<group>"; };
		E9BBD0202B889DFB00C3103D /* SalesPersonModelTests.swift */ = {isa = PBXFileReference; lastKnownFileType = sourcecode.swift; path = SalesPersonModelTests.swift; sourceTree = "<group>"; };
/* End PBXFileReference section */

/* Begin PBXFrameworksBuildPhase section */
		E9291B222B881E7200302202 /* Frameworks */ = {
			isa = PBXFrameworksBuildPhase;
			buildActionMask = 2147483647;
			files = (
			);
			runOnlyForDeploymentPostprocessing = 0;
		};
		E9291B322B881E7300302202 /* Frameworks */ = {
			isa = PBXFrameworksBuildPhase;
			buildActionMask = 2147483647;
			files = (
			);
			runOnlyForDeploymentPostprocessing = 0;
		};
		E9291B3C2B881E7300302202 /* Frameworks */ = {
			isa = PBXFrameworksBuildPhase;
			buildActionMask = 2147483647;
			files = (
			);
			runOnlyForDeploymentPostprocessing = 0;
		};
/* End PBXFrameworksBuildPhase section */

/* Begin PBXGroup section */
		E9291B1C2B881E7100302202 = {
			isa = PBXGroup;
			children = (
				E9291B272B881E7200302202 /* ChallengeProject */,
				E9291B382B881E7300302202 /* ChallengeProjectTests */,
				E9291B422B881E7300302202 /* ChallengeProjectUITests */,
				E9291B262B881E7200302202 /* Products */,
			);
			sourceTree = "<group>";
		};
		E9291B262B881E7200302202 /* Products */ = {
			isa = PBXGroup;
			children = (
				E9291B252B881E7200302202 /* ChallengeProject.app */,
				E9291B352B881E7300302202 /* ChallengeProjectTests.xctest */,
				E9291B3F2B881E7300302202 /* ChallengeProjectUITests.xctest */,
			);
			name = Products;
			sourceTree = "<group>";
		};
		E9291B272B881E7200302202 /* ChallengeProject */ = {
			isa = PBXGroup;
			children = (
				E9291B682B881EC300302202 /* DataModels */,
				E9291B602B881EBD00302202 /* MainViews */,
				E9291B5D2B881EAB00302202 /* UIKitExtensions */,
				E9291B522B881E9D00302202 /* ViewComponents */,
				E9291B752B887D5500302202 /* Network */,
				E9291B282B881E7200302202 /* ChallengeProjectApp.swift */,
				E9291B6B2B881ECA00302202 /* CStrings.swift */,
				E9291B6D2B881ECF00302202 /* CColors.swift */,
				E9291B2C2B881E7300302202 /* Assets.xcassets */,
				E9291B2E2B881E7300302202 /* Preview Content */,
			);
			path = ChallengeProject;
			sourceTree = "<group>";
		};
		E9291B2E2B881E7300302202 /* Preview Content */ = {
			isa = PBXGroup;
			children = (
				E9291B2F2B881E7300302202 /* Preview Assets.xcassets */,
			);
			path = "Preview Content";
			sourceTree = "<group>";
		};
		E9291B382B881E7300302202 /* ChallengeProjectTests */ = {
			isa = PBXGroup;
			children = (
				E9291B392B881E7300302202 /* NetworkTests.swift */,
				E9BBD01A2B8891DC00C3103D /* CCellModelTests.swift */,
				E9BBD01C2B8892F700C3103D /* CSearchBarModelTests.swift */,
				E9BBD01E2B8894EC00C3103D /* SalesPersonSearchModelTests.swift */,
				E9BBD0202B889DFB00C3103D /* SalesPersonModelTests.swift */,
			);
			path = ChallengeProjectTests;
			sourceTree = "<group>";
		};
		E9291B422B881E7300302202 /* ChallengeProjectUITests */ = {
			isa = PBXGroup;
			children = (
				E9291B432B881E7300302202 /* ChallengeProjectUITests.swift */,
				E9291B452B881E7300302202 /* ChallengeProjectUITestsLaunchTests.swift */,
			);
			path = ChallengeProjectUITests;
			sourceTree = "<group>";
		};
		E9291B522B881E9D00302202 /* ViewComponents */ = {
			isa = PBXGroup;
			children = (
				E9291B532B881E9D00302202 /* CSearchBar */,
				E9291B572B881E9D00302202 /* CCellView */,
			);
			path = ViewComponents;
			sourceTree = "<group>";
		};
		E9291B532B881E9D00302202 /* CSearchBar */ = {
			isa = PBXGroup;
			children = (
				E9291B552B881E9D00302202 /* CSearchBar.swift */,
				E9291B542B881E9D00302202 /* CSearchBar+ViewBuilder.swift */,
				E9291B6F2B88365E00302202 /* CSearch+ViewModel.swift */,
			);
			path = CSearchBar;
			sourceTree = "<group>";
		};
		E9291B572B881E9D00302202 /* CCellView */ = {
			isa = PBXGroup;
			children = (
				E9291B582B881E9D00302202 /* CCellView.swift */,
				E9291B712B883EEF00302202 /* CCell+ViewModel.swift */,
				E9291B732B8840F900302202 /* CCell+ViewBuilder.swift */,
			);
			path = CCellView;
			sourceTree = "<group>";
		};
		E9291B5D2B881EAB00302202 /* UIKitExtensions */ = {
			isa = PBXGroup;
			children = (
				E9291B5E2B881EAB00302202 /* UISearchBarExtensions.swift */,
			);
			path = UIKitExtensions;
			sourceTree = "<group>";
		};
		E9291B602B881EBD00302202 /* MainViews */ = {
			isa = PBXGroup;
			children = (
				E9291B612B881EBD00302202 /* SalesmenSearchView */,
			);
			path = MainViews;
			sourceTree = "<group>";
		};
		E9291B612B881EBD00302202 /* SalesmenSearchView */ = {
			isa = PBXGroup;
			children = (
				E9291B632B881EBD00302202 /* SalesPersonSearchView.swift */,
				E9291B642B881EBD00302202 /* SalesPersonSearchView+ViewModel.swift */,
			);
			path = SalesmenSearchView;
			sourceTree = "<group>";
		};
		E9291B682B881EC300302202 /* DataModels */ = {
			isa = PBXGroup;
			children = (
				E9291B692B881EC300302202 /* SalesPerson.swift */,
			);
			path = DataModels;
			sourceTree = "<group>";
		};
		E9291B752B887D5500302202 /* Network */ = {
			isa = PBXGroup;
			children = (
				E9291B7A2B887F0A00302202 /* CURLStrings.swift */,
				E9291B762B887D7A00302202 /* NetworkServiceProtocol.swift */,
				E9291B782B887D9A00302202 /* NetworkService.swift */,
			);
			path = Network;
			sourceTree = "<group>";
		};
/* End PBXGroup section */

/* Begin PBXNativeTarget section */
		E9291B242B881E7200302202 /* ChallengeProject */ = {
			isa = PBXNativeTarget;
			buildConfigurationList = E9291B492B881E7300302202 /* Build configuration list for PBXNativeTarget "ChallengeProject" */;
			buildPhases = (
				E9291B212B881E7200302202 /* Sources */,
				E9291B222B881E7200302202 /* Frameworks */,
				E9291B232B881E7200302202 /* Resources */,
			);
			buildRules = (
			);
			dependencies = (
			);
			name = ChallengeProject;
			productName = ChallengeProject;
			productReference = E9291B252B881E7200302202 /* ChallengeProject.app */;
			productType = "com.apple.product-type.application";
		};
		E9291B342B881E7300302202 /* ChallengeProjectTests */ = {
			isa = PBXNativeTarget;
			buildConfigurationList = E9291B4C2B881E7300302202 /* Build configuration list for PBXNativeTarget "ChallengeProjectTests" */;
			buildPhases = (
				E9291B312B881E7300302202 /* Sources */,
				E9291B322B881E7300302202 /* Frameworks */,
				E9291B332B881E7300302202 /* Resources */,
			);
			buildRules = (
			);
			dependencies = (
				E9291B372B881E7300302202 /* PBXTargetDependency */,
			);
			name = ChallengeProjectTests;
			productName = ChallengeProjectTests;
			productReference = E9291B352B881E7300302202 /* ChallengeProjectTests.xctest */;
			productType = "com.apple.product-type.bundle.unit-test";
		};
		E9291B3E2B881E7300302202 /* ChallengeProjectUITests */ = {
			isa = PBXNativeTarget;
			buildConfigurationList = E9291B4F2B881E7300302202 /* Build configuration list for PBXNativeTarget "ChallengeProjectUITests" */;
			buildPhases = (
				E9291B3B2B881E7300302202 /* Sources */,
				E9291B3C2B881E7300302202 /* Frameworks */,
				E9291B3D2B881E7300302202 /* Resources */,
			);
			buildRules = (
			);
			dependencies = (
				E9291B412B881E7300302202 /* PBXTargetDependency */,
			);
			name = ChallengeProjectUITests;
			productName = ChallengeProjectUITests;
			productReference = E9291B3F2B881E7300302202 /* ChallengeProjectUITests.xctest */;
			productType = "com.apple.product-type.bundle.ui-testing";
		};
/* End PBXNativeTarget section */

/* Begin PBXProject section */
		E9291B1D2B881E7100302202 /* Project object */ = {
			isa = PBXProject;
			attributes = {
				BuildIndependentTargetsInParallel = 1;
				LastSwiftUpdateCheck = 1500;
				LastUpgradeCheck = 1500;
				TargetAttributes = {
					E9291B242B881E7200302202 = {
						CreatedOnToolsVersion = 15.0.1;
					};
					E9291B342B881E7300302202 = {
						CreatedOnToolsVersion = 15.0.1;
						TestTargetID = E9291B242B881E7200302202;
					};
					E9291B3E2B881E7300302202 = {
						CreatedOnToolsVersion = 15.0.1;
						TestTargetID = E9291B242B881E7200302202;
					};
				};
			};
			buildConfigurationList = E9291B202B881E7100302202 /* Build configuration list for PBXProject "ChallengeProject" */;
			compatibilityVersion = "Xcode 14.0";
			developmentRegion = en;
			hasScannedForEncodings = 0;
			knownRegions = (
				en,
				Base,
			);
			mainGroup = E9291B1C2B881E7100302202;
			productRefGroup = E9291B262B881E7200302202 /* Products */;
			projectDirPath = "";
			projectRoot = "";
			targets = (
				E9291B242B881E7200302202 /* ChallengeProject */,
				E9291B342B881E7300302202 /* ChallengeProjectTests */,
				E9291B3E2B881E7300302202 /* ChallengeProjectUITests */,
			);
		};
/* End PBXProject section */

/* Begin PBXResourcesBuildPhase section */
		E9291B232B881E7200302202 /* Resources */ = {
			isa = PBXResourcesBuildPhase;
			buildActionMask = 2147483647;
			files = (
				E9291B302B881E7300302202 /* Preview Assets.xcassets in Resources */,
				E9291B2D2B881E7300302202 /* Assets.xcassets in Resources */,
			);
			runOnlyForDeploymentPostprocessing = 0;
		};
		E9291B332B881E7300302202 /* Resources */ = {
			isa = PBXResourcesBuildPhase;
			buildActionMask = 2147483647;
			files = (
			);
			runOnlyForDeploymentPostprocessing = 0;
		};
		E9291B3D2B881E7300302202 /* Resources */ = {
			isa = PBXResourcesBuildPhase;
			buildActionMask = 2147483647;
			files = (
			);
			runOnlyForDeploymentPostprocessing = 0;
		};
/* End PBXResourcesBuildPhase section */

/* Begin PBXSourcesBuildPhase section */
		E9291B212B881E7200302202 /* Sources */ = {
			isa = PBXSourcesBuildPhase;
			buildActionMask = 2147483647;
			files = (
				E9291B722B883EEF00302202 /* CCell+ViewModel.swift in Sources */,
				E9291B5A2B881E9D00302202 /* CSearchBar.swift in Sources */,
				E9291B5F2B881EAB00302202 /* UISearchBarExtensions.swift in Sources */,
				E9291B742B8840F900302202 /* CCell+ViewBuilder.swift in Sources */,
				E9291B592B881E9D00302202 /* CSearchBar+ViewBuilder.swift in Sources */,
				E9291B6C2B881ECA00302202 /* CStrings.swift in Sources */,
				E9291B5C2B881E9D00302202 /* CCellView.swift in Sources */,
				E9291B702B88365E00302202 /* CSearch+ViewModel.swift in Sources */,
				E9291B672B881EBD00302202 /* SalesPersonSearchView+ViewModel.swift in Sources */,
				E9291B6A2B881EC300302202 /* SalesPerson.swift in Sources */,
				E9291B792B887D9A00302202 /* NetworkService.swift in Sources */,
				E9291B772B887D7A00302202 /* NetworkServiceProtocol.swift in Sources */,
				E9291B7B2B887F0A00302202 /* CURLStrings.swift in Sources */,
				E9291B6E2B881ECF00302202 /* CColors.swift in Sources */,
				E9291B662B881EBD00302202 /* SalesPersonSearchView.swift in Sources */,
				E9291B292B881E7200302202 /* ChallengeProjectApp.swift in Sources */,
			);
			runOnlyForDeploymentPostprocessing = 0;
		};
		E9291B312B881E7300302202 /* Sources */ = {
			isa = PBXSourcesBuildPhase;
			buildActionMask = 2147483647;
			files = (
				E9BBD0212B889DFB00C3103D /* SalesPersonModelTests.swift in Sources */,
				E9291B3A2B881E7300302202 /* NetworkTests.swift in Sources */,
				E9BBD01D2B8892F700C3103D /* CSearchBarModelTests.swift in Sources */,
				E9BBD01B2B8891DC00C3103D /* CCellModelTests.swift in Sources */,
				E9BBD01F2B8894EC00C3103D /* SalesPersonSearchModelTests.swift in Sources */,
			);
			runOnlyForDeploymentPostprocessing = 0;
		};
		E9291B3B2B881E7300302202 /* Sources */ = {
			isa = PBXSourcesBuildPhase;
			buildActionMask = 2147483647;
			files = (
				E9291B462B881E7300302202 /* ChallengeProjectUITestsLaunchTests.swift in Sources */,
				E9291B442B881E7300302202 /* ChallengeProjectUITests.swift in Sources */,
			);
			runOnlyForDeploymentPostprocessing = 0;
		};
/* End PBXSourcesBuildPhase section */

/* Begin PBXTargetDependency section */
		E9291B372B881E7300302202 /* PBXTargetDependency */ = {
			isa = PBXTargetDependency;
			target = E9291B242B881E7200302202 /* ChallengeProject */;
			targetProxy = E9291B362B881E7300302202 /* PBXContainerItemProxy */;
		};
		E9291B412B881E7300302202 /* PBXTargetDependency */ = {
			isa = PBXTargetDependency;
			target = E9291B242B881E7200302202 /* ChallengeProject */;
			targetProxy = E9291B402B881E7300302202 /* PBXContainerItemProxy */;
		};
/* End PBXTargetDependency section */

/* Begin XCBuildConfiguration section */
		E9291B472B881E7300302202 /* Debug */ = {
			isa = XCBuildConfiguration;
			buildSettings = {
				ALWAYS_SEARCH_USER_PATHS = NO;
				ASSETCATALOG_COMPILER_GENERATE_SWIFT_ASSET_SYMBOL_EXTENSIONS = YES;
				CLANG_ANALYZER_NONNULL = YES;
				CLANG_ANALYZER_NUMBER_OBJECT_CONVERSION = YES_AGGRESSIVE;
				CLANG_CXX_LANGUAGE_STANDARD = "gnu++20";
				CLANG_ENABLE_MODULES = YES;
				CLANG_ENABLE_OBJC_ARC = YES;
				CLANG_ENABLE_OBJC_WEAK = YES;
				CLANG_WARN_BLOCK_CAPTURE_AUTORELEASING = YES;
				CLANG_WARN_BOOL_CONVERSION = YES;
				CLANG_WARN_COMMA = YES;
				CLANG_WARN_CONSTANT_CONVERSION = YES;
				CLANG_WARN_DEPRECATED_OBJC_IMPLEMENTATIONS = YES;
				CLANG_WARN_DIRECT_OBJC_ISA_USAGE = YES_ERROR;
				CLANG_WARN_DOCUMENTATION_COMMENTS = YES;
				CLANG_WARN_EMPTY_BODY = YES;
				CLANG_WARN_ENUM_CONVERSION = YES;
				CLANG_WARN_INFINITE_RECURSION = YES;
				CLANG_WARN_INT_CONVERSION = YES;
				CLANG_WARN_NON_LITERAL_NULL_CONVERSION = YES;
				CLANG_WARN_OBJC_IMPLICIT_RETAIN_SELF = YES;
				CLANG_WARN_OBJC_LITERAL_CONVERSION = YES;
				CLANG_WARN_OBJC_ROOT_CLASS = YES_ERROR;
				CLANG_WARN_QUOTED_INCLUDE_IN_FRAMEWORK_HEADER = YES;
				CLANG_WARN_RANGE_LOOP_ANALYSIS = YES;
				CLANG_WARN_STRICT_PROTOTYPES = YES;
				CLANG_WARN_SUSPICIOUS_MOVE = YES;
				CLANG_WARN_UNGUARDED_AVAILABILITY = YES_AGGRESSIVE;
				CLANG_WARN_UNREACHABLE_CODE = YES;
				CLANG_WARN__DUPLICATE_METHOD_MATCH = YES;
				COPY_PHASE_STRIP = NO;
				DEBUG_INFORMATION_FORMAT = dwarf;
				ENABLE_STRICT_OBJC_MSGSEND = YES;
				ENABLE_TESTABILITY = YES;
				ENABLE_USER_SCRIPT_SANDBOXING = YES;
				GCC_C_LANGUAGE_STANDARD = gnu17;
				GCC_DYNAMIC_NO_PIC = NO;
				GCC_NO_COMMON_BLOCKS = YES;
				GCC_OPTIMIZATION_LEVEL = 0;
				GCC_PREPROCESSOR_DEFINITIONS = (
					"DEBUG=1",
					"$(inherited)",
				);
				GCC_WARN_64_TO_32_BIT_CONVERSION = YES;
				GCC_WARN_ABOUT_RETURN_TYPE = YES_ERROR;
				GCC_WARN_UNDECLARED_SELECTOR = YES;
				GCC_WARN_UNINITIALIZED_AUTOS = YES_AGGRESSIVE;
				GCC_WARN_UNUSED_FUNCTION = YES;
				GCC_WARN_UNUSED_VARIABLE = YES;
				IPHONEOS_DEPLOYMENT_TARGET = 17.0;
				LOCALIZATION_PREFERS_STRING_CATALOGS = YES;
				MTL_ENABLE_DEBUG_INFO = INCLUDE_SOURCE;
				MTL_FAST_MATH = YES;
				ONLY_ACTIVE_ARCH = YES;
				SDKROOT = iphoneos;
				SWIFT_ACTIVE_COMPILATION_CONDITIONS = "DEBUG $(inherited)";
				SWIFT_OPTIMIZATION_LEVEL = "-Onone";
			};
			name = Debug;
		};
		E9291B482B881E7300302202 /* Release */ = {
			isa = XCBuildConfiguration;
			buildSettings = {
				ALWAYS_SEARCH_USER_PATHS = NO;
				ASSETCATALOG_COMPILER_GENERATE_SWIFT_ASSET_SYMBOL_EXTENSIONS = YES;
				CLANG_ANALYZER_NONNULL = YES;
				CLANG_ANALYZER_NUMBER_OBJECT_CONVERSION = YES_AGGRESSIVE;
				CLANG_CXX_LANGUAGE_STANDARD = "gnu++20";
				CLANG_ENABLE_MODULES = YES;
				CLANG_ENABLE_OBJC_ARC = YES;
				CLANG_ENABLE_OBJC_WEAK = YES;
				CLANG_WARN_BLOCK_CAPTURE_AUTORELEASING = YES;
				CLANG_WARN_BOOL_CONVERSION = YES;
				CLANG_WARN_COMMA = YES;
				CLANG_WARN_CONSTANT_CONVERSION = YES;
				CLANG_WARN_DEPRECATED_OBJC_IMPLEMENTATIONS = YES;
				CLANG_WARN_DIRECT_OBJC_ISA_USAGE = YES_ERROR;
				CLANG_WARN_DOCUMENTATION_COMMENTS = YES;
				CLANG_WARN_EMPTY_BODY = YES;
				CLANG_WARN_ENUM_CONVERSION = YES;
				CLANG_WARN_INFINITE_RECURSION = YES;
				CLANG_WARN_INT_CONVERSION = YES;
				CLANG_WARN_NON_LITERAL_NULL_CONVERSION = YES;
				CLANG_WARN_OBJC_IMPLICIT_RETAIN_SELF = YES;
				CLANG_WARN_OBJC_LITERAL_CONVERSION = YES;
				CLANG_WARN_OBJC_ROOT_CLASS = YES_ERROR;
				CLANG_WARN_QUOTED_INCLUDE_IN_FRAMEWORK_HEADER = YES;
				CLANG_WARN_RANGE_LOOP_ANALYSIS = YES;
				CLANG_WARN_STRICT_PROTOTYPES = YES;
				CLANG_WARN_SUSPICIOUS_MOVE = YES;
				CLANG_WARN_UNGUARDED_AVAILABILITY = YES_AGGRESSIVE;
				CLANG_WARN_UNREACHABLE_CODE = YES;
				CLANG_WARN__DUPLICATE_METHOD_MATCH = YES;
				COPY_PHASE_STRIP = NO;
				DEBUG_INFORMATION_FORMAT = "dwarf-with-dsym";
				ENABLE_NS_ASSERTIONS = NO;
				ENABLE_STRICT_OBJC_MSGSEND = YES;
				ENABLE_USER_SCRIPT_SANDBOXING = YES;
				GCC_C_LANGUAGE_STANDARD = gnu17;
				GCC_NO_COMMON_BLOCKS = YES;
				GCC_WARN_64_TO_32_BIT_CONVERSION = YES;
				GCC_WARN_ABOUT_RETURN_TYPE = YES_ERROR;
				GCC_WARN_UNDECLARED_SELECTOR = YES;
				GCC_WARN_UNINITIALIZED_AUTOS = YES_AGGRESSIVE;
				GCC_WARN_UNUSED_FUNCTION = YES;
				GCC_WARN_UNUSED_VARIABLE = YES;
				IPHONEOS_DEPLOYMENT_TARGET = 17.0;
				LOCALIZATION_PREFERS_STRING_CATALOGS = YES;
				MTL_ENABLE_DEBUG_INFO = NO;
				MTL_FAST_MATH = YES;
				SDKROOT = iphoneos;
				SWIFT_COMPILATION_MODE = wholemodule;
				VALIDATE_PRODUCT = YES;
			};
			name = Release;
		};
		E9291B4A2B881E7300302202 /* Debug */ = {
			isa = XCBuildConfiguration;
			buildSettings = {
				ASSETCATALOG_COMPILER_APPICON_NAME = AppIcon;
				ASSETCATALOG_COMPILER_GLOBAL_ACCENT_COLOR_NAME = AccentColor;
				CODE_SIGN_STYLE = Automatic;
				CURRENT_PROJECT_VERSION = 1;
				DEVELOPMENT_ASSET_PATHS = "\"ChallengeProject/Preview Content\"";
				DEVELOPMENT_TEAM = 5DP5RRSQW7;
				ENABLE_PREVIEWS = YES;
				GENERATE_INFOPLIST_FILE = YES;
				INFOPLIST_KEY_UIApplicationSceneManifest_Generation = YES;
				INFOPLIST_KEY_UIApplicationSupportsIndirectInputEvents = YES;
				INFOPLIST_KEY_UILaunchScreen_Generation = YES;
				INFOPLIST_KEY_UISupportedInterfaceOrientations_iPad = "UIInterfaceOrientationPortrait UIInterfaceOrientationPortraitUpsideDown UIInterfaceOrientationLandscapeLeft UIInterfaceOrientationLandscapeRight";
				INFOPLIST_KEY_UISupportedInterfaceOrientations_iPhone = "UIInterfaceOrientationPortrait UIInterfaceOrientationLandscapeLeft UIInterfaceOrientationLandscapeRight";
				LD_RUNPATH_SEARCH_PATHS = (
					"$(inherited)",
					"@executable_path/Frameworks",
				);
				MARKETING_VERSION = 1.0;
				PRODUCT_BUNDLE_IDENTIFIER = com.apptsar.ChallengeProject;
				PRODUCT_NAME = "$(TARGET_NAME)";
				SWIFT_EMIT_LOC_STRINGS = YES;
				SWIFT_VERSION = 5.0;
				TARGETED_DEVICE_FAMILY = "1,2";
			};
			name = Debug;
		};
		E9291B4B2B881E7300302202 /* Release */ = {
			isa = XCBuildConfiguration;
			buildSettings = {
				ASSETCATALOG_COMPILER_APPICON_NAME = AppIcon;
				ASSETCATALOG_COMPILER_GLOBAL_ACCENT_COLOR_NAME = AccentColor;
				CODE_SIGN_STYLE = Automatic;
				CURRENT_PROJECT_VERSION = 1;
				DEVELOPMENT_ASSET_PATHS = "\"ChallengeProject/Preview Content\"";
				DEVELOPMENT_TEAM = 5DP5RRSQW7;
				ENABLE_PREVIEWS = YES;
				GENERATE_INFOPLIST_FILE = YES;
				INFOPLIST_KEY_UIApplicationSceneManifest_Generation = YES;
				INFOPLIST_KEY_UIApplicationSupportsIndirectInputEvents = YES;
				INFOPLIST_KEY_UILaunchScreen_Generation = YES;
				INFOPLIST_KEY_UISupportedInterfaceOrientations_iPad = "UIInterfaceOrientationPortrait UIInterfaceOrientationPortraitUpsideDown UIInterfaceOrientationLandscapeLeft UIInterfaceOrientationLandscapeRight";
				INFOPLIST_KEY_UISupportedInterfaceOrientations_iPhone = "UIInterfaceOrientationPortrait UIInterfaceOrientationLandscapeLeft UIInterfaceOrientationLandscapeRight";
				LD_RUNPATH_SEARCH_PATHS = (
					"$(inherited)",
					"@executable_path/Frameworks",
				);
				MARKETING_VERSION = 1.0;
				PRODUCT_BUNDLE_IDENTIFIER = com.apptsar.ChallengeProject;
				PRODUCT_NAME = "$(TARGET_NAME)";
				SWIFT_EMIT_LOC_STRINGS = YES;
				SWIFT_VERSION = 5.0;
				TARGETED_DEVICE_FAMILY = "1,2";
			};
			name = Release;
		};
		E9291B4D2B881E7300302202 /* Debug */ = {
			isa = XCBuildConfiguration;
			buildSettings = {
				ALWAYS_EMBED_SWIFT_STANDARD_LIBRARIES = YES;
				BUNDLE_LOADER = "$(TEST_HOST)";
				CODE_SIGN_STYLE = Automatic;
				CURRENT_PROJECT_VERSION = 1;
				DEVELOPMENT_TEAM = 5DP5RRSQW7;
				GENERATE_INFOPLIST_FILE = YES;
				IPHONEOS_DEPLOYMENT_TARGET = 17.0;
				MARKETING_VERSION = 1.0;
				PRODUCT_BUNDLE_IDENTIFIER = com.apptsar.ChallengeProjectTests;
				PRODUCT_NAME = "$(TARGET_NAME)";
				SWIFT_EMIT_LOC_STRINGS = NO;
				SWIFT_VERSION = 5.0;
				TARGETED_DEVICE_FAMILY = "1,2";
				TEST_HOST = "$(BUILT_PRODUCTS_DIR)/ChallengeProject.app/$(BUNDLE_EXECUTABLE_FOLDER_PATH)/ChallengeProject";
			};
			name = Debug;
		};
		E9291B4E2B881E7300302202 /* Release */ = {
			isa = XCBuildConfiguration;
			buildSettings = {
				ALWAYS_EMBED_SWIFT_STANDARD_LIBRARIES = YES;
				BUNDLE_LOADER = "$(TEST_HOST)";
				CODE_SIGN_STYLE = Automatic;
				CURRENT_PROJECT_VERSION = 1;
				DEVELOPMENT_TEAM = 5DP5RRSQW7;
				GENERATE_INFOPLIST_FILE = YES;
				IPHONEOS_DEPLOYMENT_TARGET = 17.0;
				MARKETING_VERSION = 1.0;
				PRODUCT_BUNDLE_IDENTIFIER = com.apptsar.ChallengeProjectTests;
				PRODUCT_NAME = "$(TARGET_NAME)";
				SWIFT_EMIT_LOC_STRINGS = NO;
				SWIFT_VERSION = 5.0;
				TARGETED_DEVICE_FAMILY = "1,2";
				TEST_HOST = "$(BUILT_PRODUCTS_DIR)/ChallengeProject.app/$(BUNDLE_EXECUTABLE_FOLDER_PATH)/ChallengeProject";
			};
			name = Release;
		};
		E9291B502B881E7300302202 /* Debug */ = {
			isa = XCBuildConfiguration;
			buildSettings = {
				ALWAYS_EMBED_SWIFT_STANDARD_LIBRARIES = YES;
				CODE_SIGN_STYLE = Automatic;
				CURRENT_PROJECT_VERSION = 1;
				DEVELOPMENT_TEAM = 5DP5RRSQW7;
				GENERATE_INFOPLIST_FILE = YES;
				MARKETING_VERSION = 1.0;
				PRODUCT_BUNDLE_IDENTIFIER = com.apptsar.ChallengeProjectUITests;
				PRODUCT_NAME = "$(TARGET_NAME)";
				SWIFT_EMIT_LOC_STRINGS = NO;
				SWIFT_VERSION = 5.0;
				TARGETED_DEVICE_FAMILY = "1,2";
				TEST_TARGET_NAME = ChallengeProject;
			};
			name = Debug;
		};
		E9291B512B881E7300302202 /* Release */ = {
			isa = XCBuildConfiguration;
			buildSettings = {
				ALWAYS_EMBED_SWIFT_STANDARD_LIBRARIES = YES;
				CODE_SIGN_STYLE = Automatic;
				CURRENT_PROJECT_VERSION = 1;
				DEVELOPMENT_TEAM = 5DP5RRSQW7;
				GENERATE_INFOPLIST_FILE = YES;
				MARKETING_VERSION = 1.0;
				PRODUCT_BUNDLE_IDENTIFIER = com.apptsar.ChallengeProjectUITests;
				PRODUCT_NAME = "$(TARGET_NAME)";
				SWIFT_EMIT_LOC_STRINGS = NO;
				SWIFT_VERSION = 5.0;
				TARGETED_DEVICE_FAMILY = "1,2";
				TEST_TARGET_NAME = ChallengeProject;
			};
			name = Release;
		};
/* End XCBuildConfiguration section */

/* Begin XCConfigurationList section */
		E9291B202B881E7100302202 /* Build configuration list for PBXProject "ChallengeProject" */ = {
			isa = XCConfigurationList;
			buildConfigurations = (
				E9291B472B881E7300302202 /* Debug */,
				E9291B482B881E7300302202 /* Release */,
			);
			defaultConfigurationIsVisible = 0;
			defaultConfigurationName = Release;
		};
		E9291B492B881E7300302202 /* Build configuration list for PBXNativeTarget "ChallengeProject" */ = {
			isa = XCConfigurationList;
			buildConfigurations = (
				E9291B4A2B881E7300302202 /* Debug */,
				E9291B4B2B881E7300302202 /* Release */,
			);
			defaultConfigurationIsVisible = 0;
			defaultConfigurationName = Release;
		};
		E9291B4C2B881E7300302202 /* Build configuration list for PBXNativeTarget "ChallengeProjectTests" */ = {
			isa = XCConfigurationList;
			buildConfigurations = (
				E9291B4D2B881E7300302202 /* Debug */,
				E9291B4E2B881E7300302202 /* Release */,
			);
			defaultConfigurationIsVisible = 0;
			defaultConfigurationName = Release;
		};
		E9291B4F2B881E7300302202 /* Build configuration list for PBXNativeTarget "ChallengeProjectUITests" */ = {
			isa = XCConfigurationList;
			buildConfigurations = (
				E9291B502B881E7300302202 /* Debug */,
				E9291B512B881E7300302202 /* Release */,
			);
			defaultConfigurationIsVisible = 0;
			defaultConfigurationName = Release;
		};
/* End XCConfigurationList section */
	};
	rootObject = E9291B1D2B881E7100302202 /* Project object */;
}
